
Microsoft Visual Studio Solution File, Format Version 12.00
# Visual Studio Version 17
VisualStudioVersion = 17.4.33213.308
MinimumVisualStudioVersion = 10.0.40219.1
Project("{FAE04EC0-301F-11D3-BF4B-00C04F79EFBC}") = "TravelLove", "TravelLove.csproj", "{325D8355-801B-414C-A2BA-8B6DB6379F43}"
EndProject
Global
	GlobalSection(SolutionConfigurationPlatforms) = preSolution
		Debug|Any CPU = Debug|Any CPU
		Release|Any CPU = Release|Any CPU
	EndGlobalSection
	GlobalSection(ProjectConfigurationPlatforms) = postSolution
		{325D8355-801B-414C-A2BA-8B6DB6379F43}.Debug|Any CPU.ActiveCfg = Debug|Any CPU
		{325D8355-801B-414C-A2BA-8B6DB6379F43}.Debug|Any CPU.Build.0 = Debug|Any CPU
		{325D8355-801B-414C-A2BA-8B6DB6379F43}.Release|Any CPU.ActiveCfg = Release|Any CPU
		{325D8355-801B-414C-A2BA-8B6DB6379F43}.Release|Any CPU.Build.0 = Release|Any CPU
	EndGlobalSection
	GlobalSection(SolutionProperties) = preSolution
		HideSolutionNode = FALSE
	EndGlobalSection
	GlobalSection(ExtensibilityGlobals) = postSolution
		SolutionGuid = {6EE028C6-BCB5-45BB-B2D6-772172917A36}
	EndGlobalSection
EndGlobal
